
Microsoft Visual Studio Solution File, Format Version 12.00
# Visual Studio Version 17
VisualStudioVersion = 17.1.32210.238
MinimumVisualStudioVersion = 10.0.40219.1
Project("{FAE04EC0-301F-11D3-BF4B-00C04F79EFBC}") = "BL", "BL\BL.csproj", "{A8DFFE5A-BA16-4D13-9840-6355C142CC97}"
EndProject
Project("{FAE04EC0-301F-11D3-BF4B-00C04F79EFBC}") = "DL", "DL\DL.csproj", "{EC7ABD5A-FB07-4DA8-A7AC-8E78651DEB7C}"
EndProject
Project("{FAE04EC0-301F-11D3-BF4B-00C04F79EFBC}") = "ML", "ML\ML.csproj", "{B4290E64-C8FC-4DB7-824B-254DBA729035}"
EndProject
Project("{FAE04EC0-301F-11D3-BF4B-00C04F79EFBC}") = "PL", "PL\PL.csproj", "{BADD726B-D692-4906-A6EB-B3F273CF6DD5}"
EndProject
Global
	GlobalSection(SolutionConfigurationPlatforms) = preSolution
		Debug|Any CPU = Debug|Any CPU
		Release|Any CPU = Release|Any CPU
	EndGlobalSection
	GlobalSection(ProjectConfigurationPlatforms) = postSolution
		{A8DFFE5A-BA16-4D13-9840-6355C142CC97}.Debug|Any CPU.ActiveCfg = Debug|Any CPU
		{A8DFFE5A-BA16-4D13-9840-6355C142CC97}.Debug|Any CPU.Build.0 = Debug|Any CPU
		{A8DFFE5A-BA16-4D13-9840-6355C142CC97}.Release|Any CPU.ActiveCfg = Release|Any CPU
		{A8DFFE5A-BA16-4D13-9840-6355C142CC97}.Release|Any CPU.Build.0 = Release|Any CPU
		{EC7ABD5A-FB07-4DA8-A7AC-8E78651DEB7C}.Debug|Any CPU.ActiveCfg = Debug|Any CPU
		{EC7ABD5A-FB07-4DA8-A7AC-8E78651DEB7C}.Debug|Any CPU.Build.0 = Debug|Any CPU
		{EC7ABD5A-FB07-4DA8-A7AC-8E78651DEB7C}.Release|Any CPU.ActiveCfg = Release|Any CPU
		{EC7ABD5A-FB07-4DA8-A7AC-8E78651DEB7C}.Release|Any CPU.Build.0 = Release|Any CPU
		{B4290E64-C8FC-4DB7-824B-254DBA729035}.Debug|Any CPU.ActiveCfg = Debug|Any CPU
		{B4290E64-C8FC-4DB7-824B-254DBA729035}.Debug|Any CPU.Build.0 = Debug|Any CPU
		{B4290E64-C8FC-4DB7-824B-254DBA729035}.Release|Any CPU.ActiveCfg = Release|Any CPU
		{B4290E64-C8FC-4DB7-824B-254DBA729035}.Release|Any CPU.Build.0 = Release|Any CPU
		{BADD726B-D692-4906-A6EB-B3F273CF6DD5}.Debug|Any CPU.ActiveCfg = Debug|Any CPU
		{BADD726B-D692-4906-A6EB-B3F273CF6DD5}.Debug|Any CPU.Build.0 = Debug|Any CPU
		{BADD726B-D692-4906-A6EB-B3F273CF6DD5}.Release|Any CPU.ActiveCfg = Release|Any CPU
		{BADD726B-D692-4906-A6EB-B3F273CF6DD5}.Release|Any CPU.Build.0 = Release|Any CPU
	EndGlobalSection
	GlobalSection(SolutionProperties) = preSolution
		HideSolutionNode = FALSE
	EndGlobalSection
	GlobalSection(ExtensibilityGlobals) = postSolution
		SolutionGuid = {D6344004-6AD9-4EC1-BB3B-A0EB2F5F095E}
	EndGlobalSection
EndGlobal
